
Microsoft Visual Studio Solution File, Format Version 12.00
# Visual Studio Version 16
VisualStudioVersion = 16.0.30503.244
MinimumVisualStudioVersion = 10.0.40219.1
Project("{9A19103F-16F7-4668-BE54-9A1E7A4F7556}") = "CQRSTrading.WEB", "WEB\CQRSTrading.WEB\CQRSTrading.WEB.csproj", "{8C899659-A8F2-4A44-860B-CB0651598F36}"
EndProject
Project("{2150E333-8FDC-42A3-9474-1A3956D46DE8}") = "Shared", "Shared", "{3DFB0735-7D1B-4009-AEEA-77CD42A3F6E0}"
EndProject
Project("{2150E333-8FDC-42A3-9474-1A3956D46DE8}") = "WEB", "WEB", "{9C647951-1263-4A14-BD0E-F2043F899934}"
EndProject
Project("{9A19103F-16F7-4668-BE54-9A1E7A4F7556}") = "Shared.Domain", "Shared\Shared.Domain\Shared.Domain.csproj", "{0E299368-6436-451D-9B92-A60ECB712EE1}"
EndProject
Global
	GlobalSection(SolutionConfigurationPlatforms) = preSolution
		Debug|Any CPU = Debug|Any CPU
		Release|Any CPU = Release|Any CPU
	EndGlobalSection
	GlobalSection(ProjectConfigurationPlatforms) = postSolution
		{8C899659-A8F2-4A44-860B-CB0651598F36}.Debug|Any CPU.ActiveCfg = Debug|Any CPU
		{8C899659-A8F2-4A44-860B-CB0651598F36}.Debug|Any CPU.Build.0 = Debug|Any CPU
		{8C899659-A8F2-4A44-860B-CB0651598F36}.Release|Any CPU.ActiveCfg = Release|Any CPU
		{8C899659-A8F2-4A44-860B-CB0651598F36}.Release|Any CPU.Build.0 = Release|Any CPU
		{0E299368-6436-451D-9B92-A60ECB712EE1}.Debug|Any CPU.ActiveCfg = Debug|Any CPU
		{0E299368-6436-451D-9B92-A60ECB712EE1}.Debug|Any CPU.Build.0 = Debug|Any CPU
		{0E299368-6436-451D-9B92-A60ECB712EE1}.Release|Any CPU.ActiveCfg = Release|Any CPU
		{0E299368-6436-451D-9B92-A60ECB712EE1}.Release|Any CPU.Build.0 = Release|Any CPU
	EndGlobalSection
	GlobalSection(SolutionProperties) = preSolution
		HideSolutionNode = FALSE
	EndGlobalSection
	GlobalSection(NestedProjects) = preSolution
		{8C899659-A8F2-4A44-860B-CB0651598F36} = {9C647951-1263-4A14-BD0E-F2043F899934}
		{0E299368-6436-451D-9B92-A60ECB712EE1} = {3DFB0735-7D1B-4009-AEEA-77CD42A3F6E0}
	EndGlobalSection
	GlobalSection(ExtensibilityGlobals) = postSolution
		SolutionGuid = {4A78CE79-3C4D-4318-A834-C7162F5ABD56}
	EndGlobalSection
EndGlobal
