
Microsoft Visual Studio Solution File, Format Version 12.00
# Visual Studio Version 16
VisualStudioVersion = 16.0.30503.244
MinimumVisualStudioVersion = 10.0.40219.1
Project("{9A19103F-16F7-4668-BE54-9A1E7A4F7556}") = "CQRSTrading.WEB", "WEB\CQRSTrading.WEB\CQRSTrading.WEB.csproj", "{8C899659-A8F2-4A44-860B-CB0651598F36}"
EndProject
Project("{2150E333-8FDC-42A3-9474-1A3956D46DE8}") = "Shared", "Shared", "{3DFB0735-7D1B-4009-AEEA-77CD42A3F6E0}"
EndProject
Project("{2150E333-8FDC-42A3-9474-1A3956D46DE8}") = "WEB", "WEB", "{9C647951-1263-4A14-BD0E-F2043F899934}"
EndProject
Project("{9A19103F-16F7-4668-BE54-9A1E7A4F7556}") = "Shared.Domain", "Shared\Shared.Domain\Shared.Domain.csproj", "{0E299368-6436-451D-9B92-A60ECB712EE1}"
EndProject
Project("{2150E333-8FDC-42A3-9474-1A3956D46DE8}") = "Auctions", "Auctions", "{62B553A5-F383-4975-B2D7-E20D503905A4}"
EndProject
Project("{9A19103F-16F7-4668-BE54-9A1E7A4F7556}") = "Auctions.Domain", "Auctions\Auctions.Domain\Auctions.Domain.csproj", "{E92B7DE7-977F-4CB5-8646-43530C0B44A4}"
EndProject
Project("{9A19103F-16F7-4668-BE54-9A1E7A4F7556}") = "Auctions.Infrastructure", "Auctions\Auctions.Infrastructure\Auctions.Infrastructure.csproj", "{45C55417-B388-4220-A184-2273955CD124}"
EndProject
Project("{9A19103F-16F7-4668-BE54-9A1E7A4F7556}") = "Shared.Infrastructure", "Shared\Shared.Infrastructure\Shared.Infrastructure.csproj", "{7C8A0D48-DC4D-417F-A45D-74E56F791E48}"
EndProject
Project("{9A19103F-16F7-4668-BE54-9A1E7A4F7556}") = "Auctions.Application", "Auctions\Auctions.Application\Auctions.Application.csproj", "{F6A6F9F3-895E-47B7-847D-94DCAA5C2745}"
EndProject
Project("{9A19103F-16F7-4668-BE54-9A1E7A4F7556}") = "Shared.ProjectionEvents.Abstractions", "Shared\Shared.ProjectionEvents.Abstractions\Shared.ProjectionEvents.Abstractions.csproj", "{82532B08-D8A4-4DAE-B976-D8EDBAF5C0D7}"
EndProject
Project("{9A19103F-16F7-4668-BE54-9A1E7A4F7556}") = "Auctions.ProjectionEvents", "Auctions\Auctions.ProjectionEvents\Auctions.ProjectionEvents.csproj", "{F302637A-0024-4437-9BBA-BFFCE6272738}"
EndProject
Project("{2150E333-8FDC-42A3-9474-1A3956D46DE8}") = "ReadModel", "ReadModel", "{9D175537-48D2-4582-960C-E245086A2AF4}"
EndProject
Project("{9A19103F-16F7-4668-BE54-9A1E7A4F7556}") = "ReadModelMaterializer", "ReadModel\ReadModelMaterializer\ReadModelMaterializer.csproj", "{D9E9F66B-126F-4AB7-8EEF-16260CF81BA0}"
EndProject
Project("{FAE04EC0-301F-11D3-BF4B-00C04F79EFBC}") = "Auctions.ReadModel", "Auctions\Auctions.ReadModel\Auctions.ReadModel.csproj", "{BE296FC3-B75A-48F0-9D8A-CF6A98DC5881}"
EndProject
Project("{FAE04EC0-301F-11D3-BF4B-00C04F79EFBC}") = "Shared.Application", "Shared\Shared.Application\Shared.Application\Shared.Application.csproj", "{50D10CB1-86A5-4335-82BE-5E95455BCC65}"
EndProject
Global
	GlobalSection(SolutionConfigurationPlatforms) = preSolution
		Debug|Any CPU = Debug|Any CPU
		Release|Any CPU = Release|Any CPU
	EndGlobalSection
	GlobalSection(ProjectConfigurationPlatforms) = postSolution
		{8C899659-A8F2-4A44-860B-CB0651598F36}.Debug|Any CPU.ActiveCfg = Debug|Any CPU
		{8C899659-A8F2-4A44-860B-CB0651598F36}.Debug|Any CPU.Build.0 = Debug|Any CPU
		{8C899659-A8F2-4A44-860B-CB0651598F36}.Release|Any CPU.ActiveCfg = Release|Any CPU
		{8C899659-A8F2-4A44-860B-CB0651598F36}.Release|Any CPU.Build.0 = Release|Any CPU
		{0E299368-6436-451D-9B92-A60ECB712EE1}.Debug|Any CPU.ActiveCfg = Debug|Any CPU
		{0E299368-6436-451D-9B92-A60ECB712EE1}.Debug|Any CPU.Build.0 = Debug|Any CPU
		{0E299368-6436-451D-9B92-A60ECB712EE1}.Release|Any CPU.ActiveCfg = Release|Any CPU
		{0E299368-6436-451D-9B92-A60ECB712EE1}.Release|Any CPU.Build.0 = Release|Any CPU
		{E92B7DE7-977F-4CB5-8646-43530C0B44A4}.Debug|Any CPU.ActiveCfg = Debug|Any CPU
		{E92B7DE7-977F-4CB5-8646-43530C0B44A4}.Debug|Any CPU.Build.0 = Debug|Any CPU
		{E92B7DE7-977F-4CB5-8646-43530C0B44A4}.Release|Any CPU.ActiveCfg = Release|Any CPU
		{E92B7DE7-977F-4CB5-8646-43530C0B44A4}.Release|Any CPU.Build.0 = Release|Any CPU
		{45C55417-B388-4220-A184-2273955CD124}.Debug|Any CPU.ActiveCfg = Debug|Any CPU
		{45C55417-B388-4220-A184-2273955CD124}.Debug|Any CPU.Build.0 = Debug|Any CPU
		{45C55417-B388-4220-A184-2273955CD124}.Release|Any CPU.ActiveCfg = Release|Any CPU
		{45C55417-B388-4220-A184-2273955CD124}.Release|Any CPU.Build.0 = Release|Any CPU
		{7C8A0D48-DC4D-417F-A45D-74E56F791E48}.Debug|Any CPU.ActiveCfg = Debug|Any CPU
		{7C8A0D48-DC4D-417F-A45D-74E56F791E48}.Debug|Any CPU.Build.0 = Debug|Any CPU
		{7C8A0D48-DC4D-417F-A45D-74E56F791E48}.Release|Any CPU.ActiveCfg = Release|Any CPU
		{7C8A0D48-DC4D-417F-A45D-74E56F791E48}.Release|Any CPU.Build.0 = Release|Any CPU
		{F6A6F9F3-895E-47B7-847D-94DCAA5C2745}.Debug|Any CPU.ActiveCfg = Debug|Any CPU
		{F6A6F9F3-895E-47B7-847D-94DCAA5C2745}.Debug|Any CPU.Build.0 = Debug|Any CPU
		{F6A6F9F3-895E-47B7-847D-94DCAA5C2745}.Release|Any CPU.ActiveCfg = Release|Any CPU
		{F6A6F9F3-895E-47B7-847D-94DCAA5C2745}.Release|Any CPU.Build.0 = Release|Any CPU
		{82532B08-D8A4-4DAE-B976-D8EDBAF5C0D7}.Debug|Any CPU.ActiveCfg = Debug|Any CPU
		{82532B08-D8A4-4DAE-B976-D8EDBAF5C0D7}.Debug|Any CPU.Build.0 = Debug|Any CPU
		{82532B08-D8A4-4DAE-B976-D8EDBAF5C0D7}.Release|Any CPU.ActiveCfg = Release|Any CPU
		{82532B08-D8A4-4DAE-B976-D8EDBAF5C0D7}.Release|Any CPU.Build.0 = Release|Any CPU
		{F302637A-0024-4437-9BBA-BFFCE6272738}.Debug|Any CPU.ActiveCfg = Debug|Any CPU
		{F302637A-0024-4437-9BBA-BFFCE6272738}.Debug|Any CPU.Build.0 = Debug|Any CPU
		{F302637A-0024-4437-9BBA-BFFCE6272738}.Release|Any CPU.ActiveCfg = Release|Any CPU
		{F302637A-0024-4437-9BBA-BFFCE6272738}.Release|Any CPU.Build.0 = Release|Any CPU
		{D9E9F66B-126F-4AB7-8EEF-16260CF81BA0}.Debug|Any CPU.ActiveCfg = Debug|Any CPU
		{D9E9F66B-126F-4AB7-8EEF-16260CF81BA0}.Debug|Any CPU.Build.0 = Debug|Any CPU
		{D9E9F66B-126F-4AB7-8EEF-16260CF81BA0}.Release|Any CPU.ActiveCfg = Release|Any CPU
		{D9E9F66B-126F-4AB7-8EEF-16260CF81BA0}.Release|Any CPU.Build.0 = Release|Any CPU
		{BE296FC3-B75A-48F0-9D8A-CF6A98DC5881}.Debug|Any CPU.ActiveCfg = Debug|Any CPU
		{BE296FC3-B75A-48F0-9D8A-CF6A98DC5881}.Debug|Any CPU.Build.0 = Debug|Any CPU
		{BE296FC3-B75A-48F0-9D8A-CF6A98DC5881}.Release|Any CPU.ActiveCfg = Release|Any CPU
		{BE296FC3-B75A-48F0-9D8A-CF6A98DC5881}.Release|Any CPU.Build.0 = Release|Any CPU
		{50D10CB1-86A5-4335-82BE-5E95455BCC65}.Debug|Any CPU.ActiveCfg = Debug|Any CPU
		{50D10CB1-86A5-4335-82BE-5E95455BCC65}.Debug|Any CPU.Build.0 = Debug|Any CPU
		{50D10CB1-86A5-4335-82BE-5E95455BCC65}.Release|Any CPU.ActiveCfg = Release|Any CPU
		{50D10CB1-86A5-4335-82BE-5E95455BCC65}.Release|Any CPU.Build.0 = Release|Any CPU
	EndGlobalSection
	GlobalSection(SolutionProperties) = preSolution
		HideSolutionNode = FALSE
	EndGlobalSection
	GlobalSection(NestedProjects) = preSolution
		{8C899659-A8F2-4A44-860B-CB0651598F36} = {9C647951-1263-4A14-BD0E-F2043F899934}
		{0E299368-6436-451D-9B92-A60ECB712EE1} = {3DFB0735-7D1B-4009-AEEA-77CD42A3F6E0}
		{E92B7DE7-977F-4CB5-8646-43530C0B44A4} = {62B553A5-F383-4975-B2D7-E20D503905A4}
		{45C55417-B388-4220-A184-2273955CD124} = {62B553A5-F383-4975-B2D7-E20D503905A4}
		{7C8A0D48-DC4D-417F-A45D-74E56F791E48} = {3DFB0735-7D1B-4009-AEEA-77CD42A3F6E0}
		{F6A6F9F3-895E-47B7-847D-94DCAA5C2745} = {62B553A5-F383-4975-B2D7-E20D503905A4}
		{82532B08-D8A4-4DAE-B976-D8EDBAF5C0D7} = {3DFB0735-7D1B-4009-AEEA-77CD42A3F6E0}
		{F302637A-0024-4437-9BBA-BFFCE6272738} = {62B553A5-F383-4975-B2D7-E20D503905A4}
		{D9E9F66B-126F-4AB7-8EEF-16260CF81BA0} = {9D175537-48D2-4582-960C-E245086A2AF4}
		{BE296FC3-B75A-48F0-9D8A-CF6A98DC5881} = {62B553A5-F383-4975-B2D7-E20D503905A4}
		{50D10CB1-86A5-4335-82BE-5E95455BCC65} = {3DFB0735-7D1B-4009-AEEA-77CD42A3F6E0}
	EndGlobalSection
	GlobalSection(ExtensibilityGlobals) = postSolution
		SolutionGuid = {4A78CE79-3C4D-4318-A834-C7162F5ABD56}
	EndGlobalSection
EndGlobal
